
Microsoft Visual Studio Solution File, Format Version 12.00
# Visual Studio Version 17
VisualStudioVersion = 17.11.35222.181
MinimumVisualStudioVersion = 10.0.40219.1
Project("{FAE04EC0-301F-11D3-BF4B-00C04F79EFBC}") = "Identity Server", "Identity Server.csproj", "{869230B5-0390-40DA-8152-80F265E26ECB}"
EndProject
Global
	GlobalSection(SolutionConfigurationPlatforms) = preSolution
		Debug|Any CPU = Debug|Any CPU
		Release|Any CPU = Release|Any CPU
	EndGlobalSection
	GlobalSection(ProjectConfigurationPlatforms) = postSolution
		{869230B5-0390-40DA-8152-80F265E26ECB}.Debug|Any CPU.ActiveCfg = Debug|Any CPU
		{869230B5-0390-40DA-8152-80F265E26ECB}.Debug|Any CPU.Build.0 = Debug|Any CPU
		{869230B5-0390-40DA-8152-80F265E26ECB}.Release|Any CPU.ActiveCfg = Release|Any CPU
		{869230B5-0390-40DA-8152-80F265E26ECB}.Release|Any CPU.Build.0 = Release|Any CPU
	EndGlobalSection
	GlobalSection(SolutionProperties) = preSolution
		HideSolutionNode = FALSE
	EndGlobalSection
	GlobalSection(ExtensibilityGlobals) = postSolution
		SolutionGuid = {D7DA1DBF-BF06-4559-99B9-C0EF94A44AA6}
	EndGlobalSection
EndGlobal
